
Microsoft Visual Studio Solution File, Format Version 12.00
# Visual Studio Version 16
VisualStudioVersion = 16.0.29025.244
MinimumVisualStudioVersion = 10.0.40219.1
Project("{8BC9CEB8-8B4A-11D0-8D11-00A0C91BC942}") = "TRT", "TRT\TRT.vcxproj", "{500B346C-B530-4C78-AD5F-E5154AF1E331}"
EndProject
Project("{8BC9CEB8-8B4A-11D0-8D11-00A0C91BC942}") = "TRT_ResNet50_Feature", "TRT_ResNet50_Feature\TRT_ResNet50_Feature.vcxproj", "{6E416DF0-6305-4D8B-83C4-D88BD2BE90B0}"
EndProject
Project("{8BC9CEB8-8B4A-11D0-8D11-00A0C91BC942}") = "TRT_YOLOv3", "TRT_YOLOv3\TRT_YOLOv3.vcxproj", "{7B8D53C5-AB95-4417-A1F1-DFB40DCCC05E}"
	ProjectSection(ProjectDependencies) = postProject
		{500B346C-B530-4C78-AD5F-E5154AF1E331} = {500B346C-B530-4C78-AD5F-E5154AF1E331}
	EndProjectSection
EndProject
Project("{8BC9CEB8-8B4A-11D0-8D11-00A0C91BC942}") = "TRT_YOLOv3_Main", "TRT_YOLOv3_Main\TRT_YOLOv3_Main.vcxproj", "{0D8FBDD3-08AD-4A71-8551-D970C9632B79}"
EndProject
Project("{2150E333-8FDC-42A3-9474-1A3956D46DE8}") = "Module", "Module", "{082F62B0-87E1-4D2E-BA63-C63A15531E2B}"
EndProject
Project("{2150E333-8FDC-42A3-9474-1A3956D46DE8}") = "Main", "Main", "{15BD17CA-9437-4BE4-AACF-510473D1872B}"
EndProject
Project("{8BC9CEB8-8B4A-11D0-8D11-00A0C91BC942}") = "TRT_ResNet50_Feature_Main", "TRT_ResNet50_Feature_Main\TRT_ResNet50_Feature_Main.vcxproj", "{F9C3F5BE-38C6-4B7C-921E-9D3F414274F9}"
EndProject
Project("{8BC9CEB8-8B4A-11D0-8D11-00A0C91BC942}") = "TRT_CPN", "TRT_CPN\TRT_CPN.vcxproj", "{BB35173B-ECFA-41E0-8A1D-81878F6DE661}"
EndProject
Project("{8BC9CEB8-8B4A-11D0-8D11-00A0C91BC942}") = "TRT_CPN_Main", "TRT_CPN_Main\TRT_CPN_Main.vcxproj", "{FD193BC1-7771-44E7-A075-1D73130B2DF7}"
EndProject
Project("{8BC9CEB8-8B4A-11D0-8D11-00A0C91BC942}") = "TRT_ResNet50", "TRT_ResNet50\TRT_ResNet50.vcxproj", "{06C8ABC3-B3CF-4DD3-8175-F25222303ECE}"
EndProject
Project("{8BC9CEB8-8B4A-11D0-8D11-00A0C91BC942}") = "TRT_ResNet50_Main", "TRT_ResNet50_Main\TRT_ResNet50_Main.vcxproj", "{3D1B5FE0-603E-484F-9AD3-14F08C03C553}"
EndProject
Project("{8BC9CEB8-8B4A-11D0-8D11-00A0C91BC942}") = "TRT_YOLOv4", "TRT_YOLOv4\TRT_YOLOv4.vcxproj", "{04D47AD7-982B-4485-993A-74B5672C2107}"
EndProject
Project("{8BC9CEB8-8B4A-11D0-8D11-00A0C91BC942}") = "TRT_YOLOv4_Main", "TRT_YOLOv4_Main\TRT_YOLOv4_Main.vcxproj", "{3BDC2519-26A0-403B-BB37-EF7242EFEB6E}"
EndProject
Project("{2150E333-8FDC-42A3-9474-1A3956D46DE8}") = "Benchmark", "Benchmark", "{214F54AE-C378-4740-A1CE-E1053967FB2E}"
EndProject
Project("{8BC9CEB8-8B4A-11D0-8D11-00A0C91BC942}") = "TRT_YOLOv4_Benchmark", "TRT_YOLOv4_Benchmark\TRT_YOLOv4_Benchmark.vcxproj", "{A47EBF30-F80F-4ADB-B66C-8935FA70ECD1}"
EndProject
Project("{8BC9CEB8-8B4A-11D0-8D11-00A0C91BC942}") = "TRT_YOLOv3_Benchmark", "TRT_YOLOv3_Benchmark\TRT_YOLOv3_Benchmark.vcxproj", "{45011C00-A157-4E7E-8CC5-0A70249482DB}"
EndProject
Project("{8BC9CEB8-8B4A-11D0-8D11-00A0C91BC942}") = "TRT_ResNet50_Benchmark", "TRT_ResNet50_Benchmark\TRT_ResNet50_Benchmark.vcxproj", "{E6C410AC-F729-4081-8658-A614E30CA4F0}"
EndProject
Project("{8BC9CEB8-8B4A-11D0-8D11-00A0C91BC942}") = "TRT_ResNet50_Feature_Benchmark", "TRT_ResNet50_Feature_Benchmark\TRT_ResNet50_Feature_Benchmark.vcxproj", "{7D18182E-425A-4E5B-985B-939F6AACBC4E}"
EndProject
Project("{8BC9CEB8-8B4A-11D0-8D11-00A0C91BC942}") = "TRT_CPN_Benchmark", "TRT_CPN_Benchmark\TRT_CPN_Benchmark.vcxproj", "{48F67FFE-D18C-4AFF-8651-58B6CCC1EF9D}"
EndProject
Global
	GlobalSection(SolutionConfigurationPlatforms) = preSolution
		Debug|x64 = Debug|x64
		Debug|x86 = Debug|x86
		Release|x64 = Release|x64
		Release|x86 = Release|x86
	EndGlobalSection
	GlobalSection(ProjectConfigurationPlatforms) = postSolution
		{500B346C-B530-4C78-AD5F-E5154AF1E331}.Debug|x64.ActiveCfg = Debug|x64
		{500B346C-B530-4C78-AD5F-E5154AF1E331}.Debug|x64.Build.0 = Debug|x64
		{500B346C-B530-4C78-AD5F-E5154AF1E331}.Debug|x86.ActiveCfg = Debug|x64
		{500B346C-B530-4C78-AD5F-E5154AF1E331}.Release|x64.ActiveCfg = Release|x64
		{500B346C-B530-4C78-AD5F-E5154AF1E331}.Release|x64.Build.0 = Release|x64
		{500B346C-B530-4C78-AD5F-E5154AF1E331}.Release|x86.ActiveCfg = Release|x64
		{6E416DF0-6305-4D8B-83C4-D88BD2BE90B0}.Debug|x64.ActiveCfg = Debug|x64
		{6E416DF0-6305-4D8B-83C4-D88BD2BE90B0}.Debug|x64.Build.0 = Debug|x64
		{6E416DF0-6305-4D8B-83C4-D88BD2BE90B0}.Debug|x86.ActiveCfg = Debug|x64
		{6E416DF0-6305-4D8B-83C4-D88BD2BE90B0}.Release|x64.ActiveCfg = Release|x64
		{6E416DF0-6305-4D8B-83C4-D88BD2BE90B0}.Release|x64.Build.0 = Release|x64
		{6E416DF0-6305-4D8B-83C4-D88BD2BE90B0}.Release|x86.ActiveCfg = Release|x64
		{7B8D53C5-AB95-4417-A1F1-DFB40DCCC05E}.Debug|x64.ActiveCfg = Debug|x64
		{7B8D53C5-AB95-4417-A1F1-DFB40DCCC05E}.Debug|x64.Build.0 = Debug|x64
		{7B8D53C5-AB95-4417-A1F1-DFB40DCCC05E}.Debug|x86.ActiveCfg = Debug|x64
		{7B8D53C5-AB95-4417-A1F1-DFB40DCCC05E}.Release|x64.ActiveCfg = Release|x64
		{7B8D53C5-AB95-4417-A1F1-DFB40DCCC05E}.Release|x64.Build.0 = Release|x64
		{7B8D53C5-AB95-4417-A1F1-DFB40DCCC05E}.Release|x86.ActiveCfg = Release|x64
		{0D8FBDD3-08AD-4A71-8551-D970C9632B79}.Debug|x64.ActiveCfg = Debug|x64
		{0D8FBDD3-08AD-4A71-8551-D970C9632B79}.Debug|x64.Build.0 = Debug|x64
		{0D8FBDD3-08AD-4A71-8551-D970C9632B79}.Debug|x86.ActiveCfg = Debug|x64
		{0D8FBDD3-08AD-4A71-8551-D970C9632B79}.Release|x64.ActiveCfg = Release|x64
		{0D8FBDD3-08AD-4A71-8551-D970C9632B79}.Release|x64.Build.0 = Release|x64
		{0D8FBDD3-08AD-4A71-8551-D970C9632B79}.Release|x86.ActiveCfg = Release|x64
		{F9C3F5BE-38C6-4B7C-921E-9D3F414274F9}.Debug|x64.ActiveCfg = Debug|x64
		{F9C3F5BE-38C6-4B7C-921E-9D3F414274F9}.Debug|x64.Build.0 = Debug|x64
		{F9C3F5BE-38C6-4B7C-921E-9D3F414274F9}.Debug|x86.ActiveCfg = Debug|x64
		{F9C3F5BE-38C6-4B7C-921E-9D3F414274F9}.Release|x64.ActiveCfg = Release|x64
		{F9C3F5BE-38C6-4B7C-921E-9D3F414274F9}.Release|x64.Build.0 = Release|x64
		{F9C3F5BE-38C6-4B7C-921E-9D3F414274F9}.Release|x86.ActiveCfg = Release|x64
		{BB35173B-ECFA-41E0-8A1D-81878F6DE661}.Debug|x64.ActiveCfg = Debug|x64
		{BB35173B-ECFA-41E0-8A1D-81878F6DE661}.Debug|x64.Build.0 = Debug|x64
		{BB35173B-ECFA-41E0-8A1D-81878F6DE661}.Debug|x86.ActiveCfg = Debug|x64
		{BB35173B-ECFA-41E0-8A1D-81878F6DE661}.Release|x64.ActiveCfg = Release|x64
		{BB35173B-ECFA-41E0-8A1D-81878F6DE661}.Release|x64.Build.0 = Release|x64
		{BB35173B-ECFA-41E0-8A1D-81878F6DE661}.Release|x86.ActiveCfg = Release|x64
		{FD193BC1-7771-44E7-A075-1D73130B2DF7}.Debug|x64.ActiveCfg = Debug|x64
		{FD193BC1-7771-44E7-A075-1D73130B2DF7}.Debug|x64.Build.0 = Debug|x64
		{FD193BC1-7771-44E7-A075-1D73130B2DF7}.Debug|x86.ActiveCfg = Debug|x64
		{FD193BC1-7771-44E7-A075-1D73130B2DF7}.Release|x64.ActiveCfg = Release|x64
		{FD193BC1-7771-44E7-A075-1D73130B2DF7}.Release|x64.Build.0 = Release|x64
		{FD193BC1-7771-44E7-A075-1D73130B2DF7}.Release|x86.ActiveCfg = Release|x64
		{06C8ABC3-B3CF-4DD3-8175-F25222303ECE}.Debug|x64.ActiveCfg = Debug|x64
		{06C8ABC3-B3CF-4DD3-8175-F25222303ECE}.Debug|x64.Build.0 = Debug|x64
		{06C8ABC3-B3CF-4DD3-8175-F25222303ECE}.Debug|x86.ActiveCfg = Debug|x64
		{06C8ABC3-B3CF-4DD3-8175-F25222303ECE}.Release|x64.ActiveCfg = Release|x64
		{06C8ABC3-B3CF-4DD3-8175-F25222303ECE}.Release|x64.Build.0 = Release|x64
		{06C8ABC3-B3CF-4DD3-8175-F25222303ECE}.Release|x86.ActiveCfg = Release|x64
		{3D1B5FE0-603E-484F-9AD3-14F08C03C553}.Debug|x64.ActiveCfg = Debug|x64
		{3D1B5FE0-603E-484F-9AD3-14F08C03C553}.Debug|x64.Build.0 = Debug|x64
		{3D1B5FE0-603E-484F-9AD3-14F08C03C553}.Debug|x86.ActiveCfg = Debug|x64
		{3D1B5FE0-603E-484F-9AD3-14F08C03C553}.Release|x64.ActiveCfg = Release|x64
		{3D1B5FE0-603E-484F-9AD3-14F08C03C553}.Release|x64.Build.0 = Release|x64
		{3D1B5FE0-603E-484F-9AD3-14F08C03C553}.Release|x86.ActiveCfg = Release|x64
		{04D47AD7-982B-4485-993A-74B5672C2107}.Debug|x64.ActiveCfg = Debug|x64
		{04D47AD7-982B-4485-993A-74B5672C2107}.Debug|x64.Build.0 = Debug|x64
		{04D47AD7-982B-4485-993A-74B5672C2107}.Debug|x86.ActiveCfg = Debug|x64
		{04D47AD7-982B-4485-993A-74B5672C2107}.Release|x64.ActiveCfg = Release|x64
		{04D47AD7-982B-4485-993A-74B5672C2107}.Release|x64.Build.0 = Release|x64
		{04D47AD7-982B-4485-993A-74B5672C2107}.Release|x86.ActiveCfg = Release|x64
		{3BDC2519-26A0-403B-BB37-EF7242EFEB6E}.Debug|x64.ActiveCfg = Debug|x64
		{3BDC2519-26A0-403B-BB37-EF7242EFEB6E}.Debug|x64.Build.0 = Debug|x64
		{3BDC2519-26A0-403B-BB37-EF7242EFEB6E}.Debug|x86.ActiveCfg = Debug|x64
		{3BDC2519-26A0-403B-BB37-EF7242EFEB6E}.Release|x64.ActiveCfg = Release|x64
		{3BDC2519-26A0-403B-BB37-EF7242EFEB6E}.Release|x64.Build.0 = Release|x64
		{3BDC2519-26A0-403B-BB37-EF7242EFEB6E}.Release|x86.ActiveCfg = Release|x64
		{A47EBF30-F80F-4ADB-B66C-8935FA70ECD1}.Debug|x64.ActiveCfg = Debug|x64
		{A47EBF30-F80F-4ADB-B66C-8935FA70ECD1}.Debug|x64.Build.0 = Debug|x64
		{A47EBF30-F80F-4ADB-B66C-8935FA70ECD1}.Debug|x86.ActiveCfg = Debug|x64
		{A47EBF30-F80F-4ADB-B66C-8935FA70ECD1}.Release|x64.ActiveCfg = Release|x64
		{A47EBF30-F80F-4ADB-B66C-8935FA70ECD1}.Release|x64.Build.0 = Release|x64
		{A47EBF30-F80F-4ADB-B66C-8935FA70ECD1}.Release|x86.ActiveCfg = Release|x64
		{45011C00-A157-4E7E-8CC5-0A70249482DB}.Debug|x64.ActiveCfg = Debug|x64
		{45011C00-A157-4E7E-8CC5-0A70249482DB}.Debug|x64.Build.0 = Debug|x64
		{45011C00-A157-4E7E-8CC5-0A70249482DB}.Debug|x86.ActiveCfg = Debug|x64
		{45011C00-A157-4E7E-8CC5-0A70249482DB}.Release|x64.ActiveCfg = Release|x64
		{45011C00-A157-4E7E-8CC5-0A70249482DB}.Release|x64.Build.0 = Release|x64
		{45011C00-A157-4E7E-8CC5-0A70249482DB}.Release|x86.ActiveCfg = Release|x64
		{E6C410AC-F729-4081-8658-A614E30CA4F0}.Debug|x64.ActiveCfg = Debug|x64
		{E6C410AC-F729-4081-8658-A614E30CA4F0}.Debug|x64.Build.0 = Debug|x64
		{E6C410AC-F729-4081-8658-A614E30CA4F0}.Debug|x86.ActiveCfg = Debug|x64
		{E6C410AC-F729-4081-8658-A614E30CA4F0}.Release|x64.ActiveCfg = Release|x64
		{E6C410AC-F729-4081-8658-A614E30CA4F0}.Release|x64.Build.0 = Release|x64
		{E6C410AC-F729-4081-8658-A614E30CA4F0}.Release|x86.ActiveCfg = Release|x64
		{7D18182E-425A-4E5B-985B-939F6AACBC4E}.Debug|x64.ActiveCfg = Debug|x64
		{7D18182E-425A-4E5B-985B-939F6AACBC4E}.Debug|x64.Build.0 = Debug|x64
		{7D18182E-425A-4E5B-985B-939F6AACBC4E}.Debug|x86.ActiveCfg = Debug|x64
		{7D18182E-425A-4E5B-985B-939F6AACBC4E}.Release|x64.ActiveCfg = Release|x64
		{7D18182E-425A-4E5B-985B-939F6AACBC4E}.Release|x64.Build.0 = Release|x64
		{7D18182E-425A-4E5B-985B-939F6AACBC4E}.Release|x86.ActiveCfg = Release|x64
		{48F67FFE-D18C-4AFF-8651-58B6CCC1EF9D}.Debug|x64.ActiveCfg = Debug|x64
		{48F67FFE-D18C-4AFF-8651-58B6CCC1EF9D}.Debug|x64.Build.0 = Debug|x64
		{48F67FFE-D18C-4AFF-8651-58B6CCC1EF9D}.Debug|x86.ActiveCfg = Debug|x64
		{48F67FFE-D18C-4AFF-8651-58B6CCC1EF9D}.Release|x64.ActiveCfg = Release|x64
		{48F67FFE-D18C-4AFF-8651-58B6CCC1EF9D}.Release|x64.Build.0 = Release|x64
		{48F67FFE-D18C-4AFF-8651-58B6CCC1EF9D}.Release|x86.ActiveCfg = Release|x64
	EndGlobalSection
	GlobalSection(SolutionProperties) = preSolution
		HideSolutionNode = FALSE
	EndGlobalSection
	GlobalSection(NestedProjects) = preSolution
		{500B346C-B530-4C78-AD5F-E5154AF1E331} = {082F62B0-87E1-4D2E-BA63-C63A15531E2B}
		{6E416DF0-6305-4D8B-83C4-D88BD2BE90B0} = {082F62B0-87E1-4D2E-BA63-C63A15531E2B}
		{7B8D53C5-AB95-4417-A1F1-DFB40DCCC05E} = {082F62B0-87E1-4D2E-BA63-C63A15531E2B}
		{0D8FBDD3-08AD-4A71-8551-D970C9632B79} = {15BD17CA-9437-4BE4-AACF-510473D1872B}
		{F9C3F5BE-38C6-4B7C-921E-9D3F414274F9} = {15BD17CA-9437-4BE4-AACF-510473D1872B}
		{BB35173B-ECFA-41E0-8A1D-81878F6DE661} = {082F62B0-87E1-4D2E-BA63-C63A15531E2B}
		{FD193BC1-7771-44E7-A075-1D73130B2DF7} = {15BD17CA-9437-4BE4-AACF-510473D1872B}
		{06C8ABC3-B3CF-4DD3-8175-F25222303ECE} = {082F62B0-87E1-4D2E-BA63-C63A15531E2B}
		{3D1B5FE0-603E-484F-9AD3-14F08C03C553} = {15BD17CA-9437-4BE4-AACF-510473D1872B}
		{04D47AD7-982B-4485-993A-74B5672C2107} = {082F62B0-87E1-4D2E-BA63-C63A15531E2B}
		{3BDC2519-26A0-403B-BB37-EF7242EFEB6E} = {15BD17CA-9437-4BE4-AACF-510473D1872B}
		{A47EBF30-F80F-4ADB-B66C-8935FA70ECD1} = {214F54AE-C378-4740-A1CE-E1053967FB2E}
		{45011C00-A157-4E7E-8CC5-0A70249482DB} = {214F54AE-C378-4740-A1CE-E1053967FB2E}
		{E6C410AC-F729-4081-8658-A614E30CA4F0} = {214F54AE-C378-4740-A1CE-E1053967FB2E}
		{7D18182E-425A-4E5B-985B-939F6AACBC4E} = {214F54AE-C378-4740-A1CE-E1053967FB2E}
		{48F67FFE-D18C-4AFF-8651-58B6CCC1EF9D} = {214F54AE-C378-4740-A1CE-E1053967FB2E}
	EndGlobalSection
	GlobalSection(ExtensibilityGlobals) = postSolution
		SolutionGuid = {A56458EC-5EA5-4DC7-9158-77D56AEF8ABF}
	EndGlobalSection
EndGlobal
